
Microsoft Visual Studio Solution File, Format Version 12.00
# Visual Studio 14
VisualStudioVersion = 14.0.25420.1
MinimumVisualStudioVersion = 10.0.40219.1
Project("{2150E333-8FDC-42A3-9474-1A3956D46DE8}") = "01 Presentacion", "01 Presentacion", "{885222AD-F763-43CF-B2BA-E3C24666087A}"
EndProject
Project("{2150E333-8FDC-42A3-9474-1A3956D46DE8}") = "02 Aplicacion", "02 Aplicacion", "{CDE1D998-F148-4C3C-94FA-408B9A82FFD1}"
EndProject
Project("{2150E333-8FDC-42A3-9474-1A3956D46DE8}") = "03 Dominio", "03 Dominio", "{0102179D-6F7B-4602-A565-717C68727F81}"
EndProject
Project("{2150E333-8FDC-42A3-9474-1A3956D46DE8}") = "04 Infraestructura", "04 Infraestructura", "{11B4D4C6-512A-4151-9580-3E99BAA5FA24}"
EndProject
Project("{2150E333-8FDC-42A3-9474-1A3956D46DE8}") = "00 Misc", "00 Misc", "{2EA86230-5B85-4DDA-809C-154909152EA3}"
EndProject
Project("{FAE04EC0-301F-11D3-BF4B-00C04F79EFBC}") = "Asm.Dominio", "Asm.Dominio\Asm.Dominio.csproj", "{5FB5A6B0-2AF0-4DE7-9ADB-FBC735879CB8}"
EndProject
Project("{FAE04EC0-301F-11D3-BF4B-00C04F79EFBC}") = "Asm.Infra", "Asm.Infra\Asm.Infra.csproj", "{3CA108C4-73F8-41B7-BD22-7F067CD58BBD}"
EndProject
Project("{FAE04EC0-301F-11D3-BF4B-00C04F79EFBC}") = "Asm.Aplicacion", "Asm.Aplicacion\Asm.Aplicacion.csproj", "{9BF35F8D-30D2-4BDE-8F2F-BB05948D6A84}"
EndProject
Project("{FAE04EC0-301F-11D3-BF4B-00C04F79EFBC}") = "Asm.Aplicacion.Dtos", "Asm.Aplicacion.Dtos\Asm.Aplicacion.Dtos.csproj", "{737C289C-2AC6-4367-8101-D3607AA49B08}"
EndProject
Project("{FAE04EC0-301F-11D3-BF4B-00C04F79EFBC}") = "Asm.WebApi", "Asm.WebApi\Asm.WebApi.csproj", "{25FBF767-82AD-4E4E-B237-109FE37412F1}"
EndProject
Global
	GlobalSection(SolutionConfigurationPlatforms) = preSolution
		Debug|Any CPU = Debug|Any CPU
		Release|Any CPU = Release|Any CPU
	EndGlobalSection
	GlobalSection(ProjectConfigurationPlatforms) = postSolution
		{5FB5A6B0-2AF0-4DE7-9ADB-FBC735879CB8}.Debug|Any CPU.ActiveCfg = Debug|Any CPU
		{5FB5A6B0-2AF0-4DE7-9ADB-FBC735879CB8}.Debug|Any CPU.Build.0 = Debug|Any CPU
		{5FB5A6B0-2AF0-4DE7-9ADB-FBC735879CB8}.Release|Any CPU.ActiveCfg = Release|Any CPU
		{5FB5A6B0-2AF0-4DE7-9ADB-FBC735879CB8}.Release|Any CPU.Build.0 = Release|Any CPU
		{3CA108C4-73F8-41B7-BD22-7F067CD58BBD}.Debug|Any CPU.ActiveCfg = Debug|Any CPU
		{3CA108C4-73F8-41B7-BD22-7F067CD58BBD}.Debug|Any CPU.Build.0 = Debug|Any CPU
		{3CA108C4-73F8-41B7-BD22-7F067CD58BBD}.Release|Any CPU.ActiveCfg = Release|Any CPU
		{3CA108C4-73F8-41B7-BD22-7F067CD58BBD}.Release|Any CPU.Build.0 = Release|Any CPU
		{9BF35F8D-30D2-4BDE-8F2F-BB05948D6A84}.Debug|Any CPU.ActiveCfg = Debug|Any CPU
		{9BF35F8D-30D2-4BDE-8F2F-BB05948D6A84}.Debug|Any CPU.Build.0 = Debug|Any CPU
		{9BF35F8D-30D2-4BDE-8F2F-BB05948D6A84}.Release|Any CPU.ActiveCfg = Release|Any CPU
		{9BF35F8D-30D2-4BDE-8F2F-BB05948D6A84}.Release|Any CPU.Build.0 = Release|Any CPU
		{737C289C-2AC6-4367-8101-D3607AA49B08}.Debug|Any CPU.ActiveCfg = Debug|Any CPU
		{737C289C-2AC6-4367-8101-D3607AA49B08}.Debug|Any CPU.Build.0 = Debug|Any CPU
		{737C289C-2AC6-4367-8101-D3607AA49B08}.Release|Any CPU.ActiveCfg = Release|Any CPU
		{737C289C-2AC6-4367-8101-D3607AA49B08}.Release|Any CPU.Build.0 = Release|Any CPU
		{25FBF767-82AD-4E4E-B237-109FE37412F1}.Debug|Any CPU.ActiveCfg = Debug|Any CPU
		{25FBF767-82AD-4E4E-B237-109FE37412F1}.Debug|Any CPU.Build.0 = Debug|Any CPU
		{25FBF767-82AD-4E4E-B237-109FE37412F1}.Release|Any CPU.ActiveCfg = Release|Any CPU
		{25FBF767-82AD-4E4E-B237-109FE37412F1}.Release|Any CPU.Build.0 = Release|Any CPU
	EndGlobalSection
	GlobalSection(SolutionProperties) = preSolution
		HideSolutionNode = FALSE
	EndGlobalSection
	GlobalSection(NestedProjects) = preSolution
		{5FB5A6B0-2AF0-4DE7-9ADB-FBC735879CB8} = {0102179D-6F7B-4602-A565-717C68727F81}
		{3CA108C4-73F8-41B7-BD22-7F067CD58BBD} = {11B4D4C6-512A-4151-9580-3E99BAA5FA24}
		{9BF35F8D-30D2-4BDE-8F2F-BB05948D6A84} = {CDE1D998-F148-4C3C-94FA-408B9A82FFD1}
		{737C289C-2AC6-4367-8101-D3607AA49B08} = {CDE1D998-F148-4C3C-94FA-408B9A82FFD1}
		{25FBF767-82AD-4E4E-B237-109FE37412F1} = {885222AD-F763-43CF-B2BA-E3C24666087A}
	EndGlobalSection
EndGlobal
